# This file was autogenerated by Stack.
# You should not edit this file by hand.
# For more information, please see the documentation at:
#   https://docs.haskellstack.org/en/stable/lock_files

packages:
- completed:
    hackage: gi-gtk-3.0.39@sha256:09e627c7013298981e9e1f8f6924c83fbcf571eb8dc8e3a580b95e84ea0e70d5,39348
    pantry-tree:
      sha256: 3d8b9eac0fc22330fc28876053c9bbae777df4f116d47bbdb4eece5509f32f45
      size: 359
  original:
    hackage: gi-gtk-3.0.39@sha256:09e627c7013298981e9e1f8f6924c83fbcf571eb8dc8e3a580b95e84ea0e70d5,39348
- completed:
    hackage: haskell-gi-base-0.26.3@sha256:05a3d33c2faf9fbba3605ef25fec70d48247a22f1a9d2fdcf2126fa510b3395d,2448
    pantry-tree:
      sha256: e5aada84e13bdcb300e4c2ad83bcacc7cde521a58926f627c26d8cb2396c36d9
      size: 1941
  original:
    hackage: haskell-gi-base-0.26.3@sha256:05a3d33c2faf9fbba3605ef25fec70d48247a22f1a9d2fdcf2126fa510b3395d,2448
- completed:
    hackage: gi-atk-2.0.25@sha256:7d33965a670b66e7d7a92c08759e18134b9f883e8c22a55eba6b468797bdbd13,6771
    pantry-tree:
      sha256: 16ef848a86784c8b82f4dd03910d99afbec54aedbb35a09ded898ca2e8ab1837
      size: 355
  original:
    hackage: gi-atk-2.0.25@sha256:7d33965a670b66e7d7a92c08759e18134b9f883e8c22a55eba6b468797bdbd13,6771
- completed:
    hackage: gi-cairo-1.0.27@sha256:eb832b72e1f0d3c1292226efbb32446862666b5c01e114cae09765717d3f2e2e,3707
    pantry-tree:
      sha256: 39dad3cae4ad4f5448ff8de3052f7cf6f7b44ce6223157ae1688309e7491eea5
      size: 358
  original:
    hackage: gi-cairo-1.0.27@sha256:eb832b72e1f0d3c1292226efbb32446862666b5c01e114cae09765717d3f2e2e,3707
- completed:
    hackage: gi-gdk-3.0.26@sha256:49a62909befd86b5a3fbc409ad7eb1266c2309ab0d8f7d48ddd7b588e8055647,8983
    pantry-tree:
      sha256: 3f9651b9c3fb98eae770981b81b7e9c7dc207dd0c8070bcff31e83ffd273fed1
      size: 356
  original:
    hackage: gi-gdk-3.0.26@sha256:49a62909befd86b5a3fbc409ad7eb1266c2309ab0d8f7d48ddd7b588e8055647,8983
- completed:
    hackage: gi-gdkpixbuf-2.0.29@sha256:1169f2d39f9acfa309b3875289cda959a1eeb5634c83da62cefcda6fb91b922b,4356
    pantry-tree:
      sha256: 2cbaae3bbbaafe84fd363b6315bf9eb58c5bb3f441c0e1abd19e26ee72b5b4cb
      size: 368
  original:
    hackage: gi-gdkpixbuf-2.0.29@sha256:1169f2d39f9acfa309b3875289cda959a1eeb5634c83da62cefcda6fb91b922b,4356
- completed:
    hackage: gi-gio-2.0.30@sha256:eb03da35abff79b4004ab3341f6f1ede92c2289b675ed9653e5ac08d278ec4c8,22319
    pantry-tree:
      sha256: c55e227466284b9f4c5b2f487b53c9f7d2c4518fdf32799c138e28000a49e8e9
      size: 359
  original:
    hackage: gi-gio-2.0.30@sha256:eb03da35abff79b4004ab3341f6f1ede92c2289b675ed9653e5ac08d278ec4c8,22319
- completed:
    hackage: gi-glib-2.0.27@sha256:99df8fdcc7dc63726b69525a7876bee2be042c648105839d65508e2616bd6a29,9936
    pantry-tree:
      sha256: 4f6a3de2f101d8c6dddb24c123f40ecf7efb86f06e93c2e16eaa7a74bb76d0f5
      size: 359
  original:
    hackage: gi-glib-2.0.27@sha256:99df8fdcc7dc63726b69525a7876bee2be042c648105839d65508e2616bd6a29,9936
- completed:
    hackage: gi-gobject-2.0.28@sha256:f87b7a7aad4efbd991d584db088e2eacfd11d267840bd811680908a0a0ef663b,9549
    pantry-tree:
      sha256: 711c95b79abc07e42c303a27b7de03252c2e23181508a9a503a3b2c999b19514
      size: 364
  original:
    hackage: gi-gobject-2.0.28@sha256:f87b7a7aad4efbd991d584db088e2eacfd11d267840bd811680908a0a0ef663b,9549
- completed:
    hackage: gi-pango-1.0.27@sha256:3e9c5497382e8f112e834269de624980578cb6401e46f6537e694f94094b3af2,7461
    pantry-tree:
      sha256: a9fbc13fa28da5d18e2ab39e9f8045b92e89d2ff65bdb7046955e965b1f398be
      size: 361
  original:
    hackage: gi-pango-1.0.27@sha256:3e9c5497382e8f112e834269de624980578cb6401e46f6537e694f94094b3af2,7461
- completed:
    hackage: haskell-gi-0.26.2@sha256:61aacb01d14c7c6b302b01d4e92b7b0c4ed0e16c8848625026c6f1219f4b3c9d,5169
    pantry-tree:
      sha256: dd0fd5c97b42fe1673ca383423c0fd6f8d26b3b834ca747dca043d65f25be86e
      size: 4269
  original:
    hackage: haskell-gi-0.26.2@sha256:61aacb01d14c7c6b302b01d4e92b7b0c4ed0e16c8848625026c6f1219f4b3c9d,5169
- completed:
    hackage: haskell-gi-overloading-1.0@sha256:a59a812f4490b317fe2850c5442004f230130204af6cb4e0a6604acebb9f2f63,631
    pantry-tree:
      sha256: 5b56359796af8ec1bed5b2df43756374915055853f60f01ec8f7d0c403773112
      size: 265
  original:
    hackage: haskell-gi-overloading-1.0@sha256:a59a812f4490b317fe2850c5442004f230130204af6cb4e0a6604acebb9f2f63,631
- completed:
    hackage: ansi-terminal-0.11.3@sha256:cc499d5f4c09a7213cd752ee69dbb5a5b8f3d1c777274e609eea4bca5c68ac8c,3321
    pantry-tree:
      sha256: 71d732f3f95c8ddcebaa7645ff743dd91e680b5b5063e8707ef53d2eaf94c94e
      size: 1461
  original:
    hackage: ansi-terminal-0.11.3@sha256:cc499d5f4c09a7213cd752ee69dbb5a5b8f3d1c777274e609eea4bca5c68ac8c,3321
- completed:
    hackage: attoparsec-0.14.4@sha256:c0569d86c02cadd403017ea414dcb5e4f7de5380de0d8a92b9337cad84cd5e02,5811
    pantry-tree:
      sha256: 093521478c28b3d4533f8ca367562e340ef3db234156a2b9aa7caa45d87e61c1
      size: 5039
  original:
    hackage: attoparsec-0.14.4@sha256:c0569d86c02cadd403017ea414dcb5e4f7de5380de0d8a92b9337cad84cd5e02,5811
- completed:
    hackage: cabal-doctest-1.0.9@sha256:21823c6227a483b4faf210d7a55d435563ff69ddf94b48b8af1bba878196c820,1502
    pantry-tree:
      sha256: d45582ae3c6e858b78f11edd418bf26c959189150a80de08503ce1f8236f03e3
      size: 334
  original:
    hackage: cabal-doctest-1.0.9@sha256:21823c6227a483b4faf210d7a55d435563ff69ddf94b48b8af1bba878196c820,1502
- completed:
    hackage: gi-gmodule-2.0.3@sha256:b964e42a57fe0b8d9bbc7bb8a998b4762cd41c646a40852a5f764a7e309af104,2766
    pantry-tree:
      sha256: 8e900659b2c7319364cce641ca9ad2dd290824873b25b7950694d4fb8b06a846
      size: 305
  original:
    hackage: gi-gmodule-2.0.3@sha256:b964e42a57fe0b8d9bbc7bb8a998b4762cd41c646a40852a5f764a7e309af104,2766
- completed:
    hackage: gi-harfbuzz-0.0.7@sha256:21826e16df71f41fc59f1ab0675e9e0c18fe4c3852d38019fd275f588bef24c5,5935
    pantry-tree:
      sha256: ad03c806c375cd03ff1f976169d6e8531f10dcaf8197ab9425e59355f6588054
      size: 364
  original:
    hackage: gi-harfbuzz-0.0.7@sha256:21826e16df71f41fc59f1ab0675e9e0c18fe4c3852d38019fd275f588bef24c5,5935
- completed:
    hackage: pretty-show-1.10@sha256:bfef8da0ac4db4fc7f41edfec9e9a701ac206418d70702bff1e40f20d6a2b1f1,1888
    pantry-tree:
      sha256: ae0986a1537a5f462fd48787f82931a07ab8b569631cf08e6cff19c2d9e3866b
      size: 735
  original:
    hackage: pretty-show-1.10@sha256:bfef8da0ac4db4fc7f41edfec9e9a701ac206418d70702bff1e40f20d6a2b1f1,1888
- completed:
    hackage: regex-tdfa-1.3.2@sha256:3d8571a5ce87ee89ae0de602f1461df9a8236257f80548e9bee71585a26e3927,6845
    pantry-tree:
      sha256: 2725c8313eaf9dc1403f27b691b02143aa6ec546adaea7ab5c985b0f9a777014
      size: 2674
  original:
    hackage: regex-tdfa-1.3.2@sha256:3d8571a5ce87ee89ae0de602f1461df9a8236257f80548e9bee71585a26e3927,6845
- completed:
    hackage: safe-0.3.19@sha256:0910dafb8898f52bde4c646e560228a0fd08b1fca5457f222d2f5c0fad6d2039,2317
    pantry-tree:
      sha256: 40010636c24cebf3f3e29e9b3b8e6c35f249f5e5d253925433140bb0b4e3f891
      size: 564
  original:
    hackage: safe-0.3.19@sha256:0910dafb8898f52bde4c646e560228a0fd08b1fca5457f222d2f5c0fad6d2039,2317
- completed:
    hackage: xdg-basedir-0.2.2@sha256:9d72d45e3be3aea5ae9fa9b47db31dbf9dbf0888e5f94a3972be3f1540791e8c,985
    pantry-tree:
      sha256: 6e5515834fdbf30fa940fb814b93dfb1cb473fd24b409c0187d8aafdf5041709
      size: 228
  original:
    hackage: xdg-basedir-0.2.2@sha256:9d72d45e3be3aea5ae9fa9b47db31dbf9dbf0888e5f94a3972be3f1540791e8c,985
- completed:
    hackage: xml-conduit-1.9.1.1@sha256:c6cbafaea0d0348d83dc44a6c04328f0a2dbb7f4d7f90ddb50e8f79eae9dda54,3103
    pantry-tree:
      sha256: a9f7baa667b7fcc397196490eeb3369f60cb0db8da68500ce4c7056ac256ed93
      size: 836
  original:
    hackage: xml-conduit-1.9.1.1@sha256:c6cbafaea0d0348d83dc44a6c04328f0a2dbb7f4d7f90ddb50e8f79eae9dda54,3103
- completed:
    hackage: blaze-html-0.9.1.2@sha256:74b89ffa665891f528f571ce9e3c2dce24f698563f14b6f5e9e0512eccdf5dc2,3062
    pantry-tree:
      sha256: 4dba326368b9b70ffd85876cae05dbf5514fb6277b43b146a8c278b08533717a
      size: 2227
  original:
    hackage: blaze-html-0.9.1.2@sha256:74b89ffa665891f528f571ce9e3c2dce24f698563f14b6f5e9e0512eccdf5dc2,3062
- completed:
    hackage: blaze-markup-0.8.2.8@sha256:8a47373003f472e851afbc3332bb9e0bf1b539a0dfad631bceb704332749c6c2,2293
    pantry-tree:
      sha256: 1736c90f13129919d149aa76fa2338f733e7142c0c454e2e63ce6bf5cae9a746
      size: 818
  original:
    hackage: blaze-markup-0.8.2.8@sha256:8a47373003f472e851afbc3332bb9e0bf1b539a0dfad631bceb704332749c6c2,2293
- completed:
    hackage: colour-2.3.6@sha256:ebdcbf15023958838a527e381ab3c3b1e99ed12d1b25efeb7feaa4ad8c37664a,2378
    pantry-tree:
      sha256: 03f8e22f364deb86098dbfbe0bf83c896437b2355f139abdac0402658fb6ac7e
      size: 1183
  original:
    hackage: colour-2.3.6@sha256:ebdcbf15023958838a527e381ab3c3b1e99ed12d1b25efeb7feaa4ad8c37664a,2378
- completed:
    hackage: conduit-1.3.4.3@sha256:50f2eea690e053c77acc2e66ab403ace55282932f419078e432db5873ab55b3b,5296
    pantry-tree:
      sha256: f15b33925ff7cf45ea558e8bcb8f4918c01a9bfe18763449f0a686c2cced8331
      size: 1957
  original:
    hackage: conduit-1.3.4.3@sha256:50f2eea690e053c77acc2e66ab403ace55282932f419078e432db5873ab55b3b,5296
- completed:
    hackage: conduit-extra-1.3.6@sha256:83303e6fea78a683fdbb41682fc8dbc47b1d8830da1f09e88940f9a744a7f984,4355
    pantry-tree:
      sha256: af351369329e815381147ccb834deaac9c942d7526528103b1426a3b1130f0da
      size: 2332
  original:
    hackage: conduit-extra-1.3.6@sha256:83303e6fea78a683fdbb41682fc8dbc47b1d8830da1f09e88940f9a744a7f984,4355
- completed:
    hackage: data-default-class-0.1.2.0@sha256:63e62120b7efd733a5a17cf59ceb43268e9a929c748127172d7d42f4a336e327,542
    pantry-tree:
      sha256: 5017630b11698aefa65fc61cab84a257ce97833c968d425e1b2d53d6c3b5c096
      size: 224
  original:
    hackage: data-default-class-0.1.2.0@sha256:63e62120b7efd733a5a17cf59ceb43268e9a929c748127172d7d42f4a336e327,542
- completed:
    hackage: gi-freetype2-2.0.2@sha256:3ceda91744fbec02b0f5972822e43f633807929ca0c719bbc1fb3d7598c96f0b,2754
    pantry-tree:
      sha256: c340d45b834b8494964c214c4b0958d768d374056e7a813eca09f512eebc42e9
      size: 306
  original:
    hackage: gi-freetype2-2.0.2@sha256:3ceda91744fbec02b0f5972822e43f633807929ca0c719bbc1fb3d7598c96f0b,2754
- completed:
    hackage: happy-1.20.0@sha256:5d47dc221a9fe964e36aaaa2e1ab7e8f085a225fd6528d6eff310b92360bbe99,5732
    pantry-tree:
      sha256: ff2e7df7cfe8746eedc6f69c225fa8c899c26d28f1c4964eeb00a5d757d30351
      size: 8749
  original:
    hackage: happy-1.20.0@sha256:5d47dc221a9fe964e36aaaa2e1ab7e8f085a225fd6528d6eff310b92360bbe99,5732
- completed:
    hackage: haskell-lexer-1.1@sha256:9e0a7633f6bdb59004c6f3144ebfad1edb9e440fc6a94215c3a1d11bcd8656ef,915
    pantry-tree:
      sha256: b301fc4115ecc2687df258748a4d6f4165ee34890d65ddb81930d6adfd6c4f7c
      size: 587
  original:
    hackage: haskell-lexer-1.1@sha256:9e0a7633f6bdb59004c6f3144ebfad1edb9e440fc6a94215c3a1d11bcd8656ef,915
- completed:
    hackage: regex-base-0.94.0.2@sha256:4ff4425c710cddf440dfbac6cd52310bb6b23e17902390ff71c9fc7eaafc4fcc,2643
    pantry-tree:
      sha256: 6415af6c7af19d83283a19407cbf9ece0dc9cf9be9a0d9560d0456247cfa0d00
      size: 531
  original:
    hackage: regex-base-0.94.0.2@sha256:4ff4425c710cddf440dfbac6cd52310bb6b23e17902390ff71c9fc7eaafc4fcc,2643
- completed:
    hackage: resourcet-1.3.0@sha256:faa760fb28fb5c98fbe4867e375a775495cabc00926da81fa102dc991017d2c5,1739
    pantry-tree:
      sha256: 7d8da7c8bcbab08f5de8a1d7964d5224aeb160ac0843757539d81f07d4315886
      size: 648
  original:
    hackage: resourcet-1.3.0@sha256:faa760fb28fb5c98fbe4867e375a775495cabc00926da81fa102dc991017d2c5,1739
- completed:
    hackage: scientific-0.3.7.0@sha256:517444c944dad9db8235d7b311d7b9a0839a519ee3178288b5a9606256e0c7d8,4840
    pantry-tree:
      sha256: 27d0f081a1b8243e2558a82776ab4725f3db131e69f042cc44a0d3987611ec01
      size: 657
  original:
    hackage: scientific-0.3.7.0@sha256:517444c944dad9db8235d7b311d7b9a0839a519ee3178288b5a9606256e0c7d8,4840
- completed:
    hackage: xml-types-0.3.8@sha256:0d1420f967a5f6439dc03f554b4d77cf15f9ff0aa58fa408efc52ca16459119b,1358
    pantry-tree:
      sha256: e6eaf3fcb6d42b741b09d051ad25a1bd6e21f8b13f68406203af41f3ce033ff1
      size: 215
  original:
    hackage: xml-types-0.3.8@sha256:0d1420f967a5f6439dc03f554b4d77cf15f9ff0aa58fa408efc52ca16459119b,1358
- completed:
    hackage: async-2.2.4@sha256:2b9409023536823233ce3134558565d01b3382e651fa54ac8cb8a99967e023c9,3095
    pantry-tree:
      sha256: c0ae9bb497eb1ba805d811b2a77f058301b092c6a4a733673fda9d9a85e8ba05
      size: 501
  original:
    hackage: async-2.2.4@sha256:2b9409023536823233ce3134558565d01b3382e651fa54ac8cb8a99967e023c9,3095
- completed:
    hackage: blaze-builder-0.4.2.2@sha256:f0017df374c330de0ebe0eb15eae8c48427bddefa1d81a3cb31c0a4812ecdb08,3685
    pantry-tree:
      sha256: 5b6b4f7b1c9ca98bd7cb979849fc9e018b48ef49089c98b2766179b5087695ea
      size: 3102
  original:
    hackage: blaze-builder-0.4.2.2@sha256:f0017df374c330de0ebe0eb15eae8c48427bddefa1d81a3cb31c0a4812ecdb08,3685
- completed:
    hackage: hashable-1.4.1.0@sha256:50b2f002c68fe67730ee7a3cd8607486197dd99b084255005ad51ecd6970a41b,5019
    pantry-tree:
      sha256: 9af2f7a42674f7effcabbebc043f97057240783f1709338a77f58216f4a5f18c
      size: 1248
  original:
    hackage: hashable-1.4.1.0@sha256:50b2f002c68fe67730ee7a3cd8607486197dd99b084255005ad51ecd6970a41b,5019
- completed:
    hackage: integer-logarithms-1.0.3.1@sha256:d59bfd1d39808217af2b68789d3c0e57cb7199d47405a276060d88fef4f4017d,3246
    pantry-tree:
      sha256: a74cf31b8152f5b761fe0133fe394012bb796f12242cdd3f49e538552b48fab7
      size: 865
  original:
    hackage: integer-logarithms-1.0.3.1@sha256:d59bfd1d39808217af2b68789d3c0e57cb7199d47405a276060d88fef4f4017d,3246
- completed:
    hackage: mono-traversable-1.0.15.3@sha256:059bf3c05cdbef2d06b765333fe41c2168ced2503a23de674e2a59ceb2548c48,2060
    pantry-tree:
      sha256: 20193844369b5e6e0ed2c0df9946db5bd65a6206e3cc9f7cf059523e27a818b8
      size: 710
  original:
    hackage: mono-traversable-1.0.15.3@sha256:059bf3c05cdbef2d06b765333fe41c2168ced2503a23de674e2a59ceb2548c48,2060
- completed:
    hackage: network-3.1.2.7@sha256:e3d78b13db9512aeb106e44a334ab42b7aa48d26c097299084084cb8be5c5568,4888
    pantry-tree:
      sha256: 1981a732d1917213de7f51d26255af733a61918c59eebb6c6f6ca939856839ef
      size: 3971
  original:
    hackage: network-3.1.2.7@sha256:e3d78b13db9512aeb106e44a334ab42b7aa48d26c097299084084cb8be5c5568,4888
- completed:
    hackage: primitive-0.7.4.0@sha256:89b88a3e08493b7727fa4089b0692bfbdf7e1e666ef54635f458644eb8358764,2857
    pantry-tree:
      sha256: 71a850c658b70e869da19f61615d87d9d6ecec597f0e3d4b498da56559114829
      size: 1655
  original:
    hackage: primitive-0.7.4.0@sha256:89b88a3e08493b7727fa4089b0692bfbdf7e1e666ef54635f458644eb8358764,2857
- completed:
    hackage: streaming-commons-0.2.2.5@sha256:34959abee70e63d370b5a4bee0bc3483c66d1e53906fb5e13844ae8b9a62a4a3,4813
    pantry-tree:
      sha256: 13e522387923f3f922f1619afffc8ffa45a8aafc24e0a9a9cc93a8c406f03856
      size: 2947
  original:
    hackage: streaming-commons-0.2.2.5@sha256:34959abee70e63d370b5a4bee0bc3483c66d1e53906fb5e13844ae8b9a62a4a3,4813
- completed:
    hackage: typed-process-0.2.10.1@sha256:cc35b76f2ce32c708cb2f68a1c4f661a8138196d958e34a2f214208333a73f46,2070
    pantry-tree:
      sha256: b3d6511483d5c869fdfb7220dc13b205730502162a1f6bdca9307a676f3fcb8c
      size: 529
  original:
    hackage: typed-process-0.2.10.1@sha256:cc35b76f2ce32c708cb2f68a1c4f661a8138196d958e34a2f214208333a73f46,2070
- completed:
    hackage: unliftio-core-0.2.0.1@sha256:f9abcdd3f3d28e4840563efb7b8760d2de9b5707bcd6f53a87f6a0d77bb5a9f7,1082
    pantry-tree:
      sha256: 9955bc1336dd07c94928892f1a97aed6e5fe63a4242f089a0efd2e95174490ea
      size: 328
  original:
    hackage: unliftio-core-0.2.0.1@sha256:f9abcdd3f3d28e4840563efb7b8760d2de9b5707bcd6f53a87f6a0d77bb5a9f7,1082
- completed:
    hackage: vector-0.13.0.0@sha256:54528e95501742b99462cc543891f21177e7db34d960ce8e3cbb25afb16a9c89,9112
    pantry-tree:
      sha256: 70b31fa3803fc53ff469beba9e5022e92f6704e9b0ece953a0373b35ef09ca4d
      size: 4092
  original:
    hackage: vector-0.13.0.0@sha256:54528e95501742b99462cc543891f21177e7db34d960ce8e3cbb25afb16a9c89,9112
- completed:
    hackage: random-1.2.1.1@sha256:dea1f11e5569332dc6c8efaad1cb301016a5587b6754943a49f9de08ae0e56d9,6541
    pantry-tree:
      sha256: 646ee77fe01178837ee928b61ae8653dcf190e9b5353ebebd094079c77a18b76
      size: 1528
  original:
    hackage: random-1.2.1.1@sha256:dea1f11e5569332dc6c8efaad1cb301016a5587b6754943a49f9de08ae0e56d9,6541
- completed:
    hackage: split-0.2.3.5@sha256:f472fa7019647cacac3267742a6f7ac0a5c816f9890e80e4b826cd937436de87,2646
    pantry-tree:
      sha256: 516449cf535bbfc78cf1a5795d28dd1e0f19b65a07c33a78b45566101fecc534
      size: 439
  original:
    hackage: split-0.2.3.5@sha256:f472fa7019647cacac3267742a6f7ac0a5c816f9890e80e4b826cd937436de87,2646
- completed:
    hackage: unordered-containers-0.2.19.1@sha256:db11042bb0356c0adea277d0794743829125b4c99455af6af2bd5f7bd5e88a39,3797
    pantry-tree:
      sha256: ac7a077274515b8afdf98138177b2fd2293c8bb346c5ec5caf2c5999da495112
      size: 1517
  original:
    hackage: unordered-containers-0.2.19.1@sha256:db11042bb0356c0adea277d0794743829125b4c99455af6af2bd5f7bd5e88a39,3797
- completed:
    hackage: vector-algorithms-0.9.0.1@sha256:34cc5851ebf2eb80fc62cbb5c6dbe59ab837f1d5366a6c3bf1e09cf34805aaae,3670
    pantry-tree:
      sha256: f82c64c771cec12b5f5e74f075d4813aee6da431e7f301501cc5cd46c71ed147
      size: 1510
  original:
    hackage: vector-algorithms-0.9.0.1@sha256:34cc5851ebf2eb80fc62cbb5c6dbe59ab837f1d5366a6c3bf1e09cf34805aaae,3670
- completed:
    hackage: vector-stream-0.1.0.0@sha256:09b0f8dc4e51936b9d6b04791f0aa03f7c9759b5fb7140eac8a9461cda1e55a3,1404
    pantry-tree:
      sha256: 3753f1a0a0889a87e185a5a4537f6cf6f0dea1b71b8b2655c016dddcc2519fea
      size: 325
  original:
    hackage: vector-stream-0.1.0.0@sha256:09b0f8dc4e51936b9d6b04791f0aa03f7c9759b5fb7140eac8a9461cda1e55a3,1404
- completed:
    hackage: zlib-0.6.3.0@sha256:8214a9d37580f17f8b675109578a5dbe6853559eef156e34dc2233f1123ace33,5216
    pantry-tree:
      sha256: 87b7fd16379d679eb01d9fae78b4db97356d301fce4a040ba9e690d16eeb98b2
      size: 2622
  original:
    hackage: zlib-0.6.3.0@sha256:8214a9d37580f17f8b675109578a5dbe6853559eef156e34dc2233f1123ace33,5216
- completed:
    hackage: bitvec-1.1.3.0@sha256:54fea850c9e3d3f8f771d569c0c2b339f2dea1085b6cb9da108bce6594dc9682,4188
    pantry-tree:
      sha256: 22d5a9218f251361e7ffb86ebd1aa72f8d6f5e29d63e1d5ef31dfc2ceb5e843e
      size: 2388
  original:
    hackage: bitvec-1.1.3.0@sha256:54fea850c9e3d3f8f771d569c0c2b339f2dea1085b6cb9da108bce6594dc9682,4188
- completed:
    hackage: splitmix-0.1.0.4@sha256:804e2574bc7e32d08cbab91e47ee6287b4df7d50851d73f9e778f94a9a7814c7,6521
    pantry-tree:
      sha256: b56f706c092dc0ac4875ef45bd18719386358c56667f6b604a733b66f9e4657f
      size: 1519
  original:
    hackage: splitmix-0.1.0.4@sha256:804e2574bc7e32d08cbab91e47ee6287b4df7d50851d73f9e778f94a9a7814c7,6521
snapshots: []
